
Microsoft Visual Studio Solution File, Format Version 12.00
# Visual Studio Version 16
VisualStudioVersion = 16.0.29613.14
MinimumVisualStudioVersion = 10.0.40219.1
Project("{FAE04EC0-301F-11D3-BF4B-00C04F79EFBC}") = "Contratos", "Contratos\Contratos.csproj", "{68651C02-9717-4486-ADF6-CFB773533173}"
EndProject
Global
	GlobalSection(SolutionConfigurationPlatforms) = preSolution
		Debug|Any CPU = Debug|Any CPU
		Release|Any CPU = Release|Any CPU
	EndGlobalSection
	GlobalSection(ProjectConfigurationPlatforms) = postSolution
		{68651C02-9717-4486-ADF6-CFB773533173}.Debug|Any CPU.ActiveCfg = Debug|Any CPU
		{68651C02-9717-4486-ADF6-CFB773533173}.Debug|Any CPU.Build.0 = Debug|Any CPU
		{68651C02-9717-4486-ADF6-CFB773533173}.Release|Any CPU.ActiveCfg = Release|Any CPU
		{68651C02-9717-4486-ADF6-CFB773533173}.Release|Any CPU.Build.0 = Release|Any CPU
	EndGlobalSection
	GlobalSection(SolutionProperties) = preSolution
		HideSolutionNode = FALSE
	EndGlobalSection
	GlobalSection(ExtensibilityGlobals) = postSolution
		SolutionGuid = {0D422933-30CB-4E35-BC49-194E55EE3241}
	EndGlobalSection
EndGlobal
