
Microsoft Visual Studio Solution File, Format Version 12.00
# Visual Studio Version 16
VisualStudioVersion = 16.0.29613.14
MinimumVisualStudioVersion = 10.0.40219.1
Project("{FAE04EC0-301F-11D3-BF4B-00C04F79EFBC}") = "Empregado", "Empregado\Empregado.csproj", "{8223B2FE-72C7-4813-A537-988CCBD3D4D6}"
EndProject
Global
	GlobalSection(SolutionConfigurationPlatforms) = preSolution
		Debug|Any CPU = Debug|Any CPU
		Release|Any CPU = Release|Any CPU
	EndGlobalSection
	GlobalSection(ProjectConfigurationPlatforms) = postSolution
		{8223B2FE-72C7-4813-A537-988CCBD3D4D6}.Debug|Any CPU.ActiveCfg = Debug|Any CPU
		{8223B2FE-72C7-4813-A537-988CCBD3D4D6}.Debug|Any CPU.Build.0 = Debug|Any CPU
		{8223B2FE-72C7-4813-A537-988CCBD3D4D6}.Release|Any CPU.ActiveCfg = Release|Any CPU
		{8223B2FE-72C7-4813-A537-988CCBD3D4D6}.Release|Any CPU.Build.0 = Release|Any CPU
	EndGlobalSection
	GlobalSection(SolutionProperties) = preSolution
		HideSolutionNode = FALSE
	EndGlobalSection
	GlobalSection(ExtensibilityGlobals) = postSolution
		SolutionGuid = {ACEDEDA8-B14B-49C1-B7D4-F69151A4F73F}
	EndGlobalSection
EndGlobal
